Microsoft Visual Studio Solution File, Format Version 1.00
Project("{73393D18-DAC4-11D1-88FC-0000F8064EBB}") = "EventControl 2000 v1.1 beta", "vbi.wip", "{73646FD8-9A1C-11D3-A064-E737FA83983E}"
EndProject
Global
	GlobalSection(LocalDeployment) = postSolution
		StartupProject = {00000000-0000-0000-0000-000000000000}
	EndGlobalSection
	GlobalSection(BuildOrder) = postSolution
		0 = {73646FD8-9A1C-11D3-A064-E737FA83983E}
	EndGlobalSection
EndGlobal
